{
  "name": "downtothedetailsllc",
  "version": "1.0.0",
  "lockfileVersion": 3,
  "requires": true,
  "packages": {
    "": {
      "name": "downtothedetailsllc",
      "version": "1.0.0",
      "hasInstallScript": true,
      "license": "ISC",
      "dependencies": {
        "react-responsive-masonry": "^2.2.0"
      }
    },
    "node_modules/react-responsive-masonry": {
      "version": "2.2.0",
      "resolved": "https://registry.npmjs.org/react-responsive-masonry/-/react-responsive-masonry-2.2.0.tgz",
      "integrity": "sha512-IYbnfe2tWCZ3pvyTLyBWPj7uv5ZmNOULYMcAZi5a47ZLhSotOck1vkkISq6gP2qiyWdMvPfeMhjvYzUYGw9BOQ=="
    }
  }
}
